// !$*UTF8*$!
{
	archiveVersion = 1;
	classes = {
	};
	objectVersion = 50;
	objects = {

/* Begin PBXBuildFile section */
		A3630DEB249B09590086BF5A /* AppDelegate.swift in Sources */ = {isa = PBXBuildFile; fileRef = A3630DEA249B09590086BF5A /* AppDelegate.swift */; };
		A3630DED249B09590086BF5A /* SceneDelegate.swift in Sources */ = {isa = PBXBuildFile; fileRef = A3630DEC249B09590086BF5A /* SceneDelegate.swift */; };
		A3630DEF249B09590086BF5A /* ViewController.swift in Sources */ = {isa = PBXBuildFile; fileRef = A3630DEE249B09590086BF5A /* ViewController.swift */; };
		A3630DF2249B09590086BF5A /* Main.storyboard in Resources */ = {isa = PBXBuildFile; fileRef = A3630DF0249B09590086BF5A /* Main.storyboard */; };
		A3630DF4249B095D0086BF5A /* Assets.xcassets in Resources */ = {isa = PBXBuildFile; fileRef = A3630DF3249B095D0086BF5A /* Assets.xcassets */; };
		A3630DF7249B095D0086BF5A /* LaunchScreen.storyboard in Resources */ = {isa = PBXBuildFile; fileRef = A3630DF5249B095D0086BF5A /* LaunchScreen.storyboard */; };
		A3630DFF249B09A60086BF5A /* Cell.swift in Sources */ = {isa = PBXBuildFile; fileRef = A3630DFE249B09A60086BF5A /* Cell.swift */; };
		A3630E01249B0ACB0086BF5A /* GameState.swift in Sources */ = {isa = PBXBuildFile; fileRef = A3630E00249B0ACB0086BF5A /* GameState.swift */; };
		A3630E06249B13FD0086BF5A /* Game.swift in Sources */ = {isa = PBXBuildFile; fileRef = A3630E05249B13FD0086BF5A /* Game.swift */; };
		A3630E0E249B25AC0086BF5A /* Game_of_LifeTests.swift in Sources */ = {isa = PBXBuildFile; fileRef = A3630E0D249B25AC0086BF5A /* Game_of_LifeTests.swift */; };
/* End PBXBuildFile section */

/* Begin PBXContainerItemProxy section */
		A3630E10249B25AC0086BF5A /* PBXContainerItemProxy */ = {
			isa = PBXContainerItemProxy;
			containerPortal = A3630DDF249B09590086BF5A /* Project object */;
			proxyType = 1;
			remoteGlobalIDString = A3630DE6249B09590086BF5A;
			remoteInfo = "Game of Life";
		};
/* End PBXContainerItemProxy section */

/* Begin PBXFileReference section */
		A3630DE7249B09590086BF5A /* Game of Life.app */ = {isa = PBXFileReference; explicitFileType = wrapper.application; includeInIndex = 0; path = "Game of Life.app"; sourceTree = BUILT_PRODUCTS_DIR; };
		A3630DEA249B09590086BF5A /* AppDelegate.swift */ = {isa = PBXFileReference; lastKnownFileType = sourcecode.swift; path = AppDelegate.swift; sourceTree = "<group>"; };
		A3630DEC249B09590086BF5A /* SceneDelegate.swift */ = {isa = PBXFileReference; lastKnownFileType = sourcecode.swift; path = SceneDelegate.swift; sourceTree = "<group>"; };
		A3630DEE249B09590086BF5A /* ViewController.swift */ = {isa = PBXFileReference; lastKnownFileType = sourcecode.swift; path = ViewController.swift; sourceTree = "<group>"; };
		A3630DF1249B09590086BF5A /* Base */ = {isa = PBXFileReference; lastKnownFileType = file.storyboard; name = Base; path = Base.lproj/Main.storyboard; sourceTree = "<group>"; };
		A3630DF3249B095D0086BF5A /* Assets.xcassets */ = {isa = PBXFileReference; lastKnownFileType = folder.assetcatalog; path = Assets.xcassets; sourceTree = "<group>"; };
		A3630DF6249B095D0086BF5A /* Base */ = {isa = PBXFileReference; lastKnownFileType = file.storyboard; name = Base; path = Base.lproj/LaunchScreen.storyboard; sourceTree = "<group>"; };
		A3630DF8249B095D0086BF5A /* Info.plist */ = {isa = PBXFileReference; lastKnownFileType = text.plist.xml; path = Info.plist; sourceTree = "<group>"; };
		A3630DFE249B09A60086BF5A /* Cell.swift */ = {isa = PBXFileReference; lastKnownFileType = sourcecode.swift; path = Cell.swift; sourceTree = "<group>"; };
		A3630E00249B0ACB0086BF5A /* GameState.swift */ = {isa = PBXFileReference; lastKnownFileType = sourcecode.swift; path = GameState.swift; sourceTree = "<group>"; };
		A3630E05249B13FD0086BF5A /* Game.swift */ = {isa = PBXFileReference; lastKnownFileType = sourcecode.swift; path = Game.swift; sourceTree = "<group>"; };
		A3630E0B249B25AC0086BF5A /* Game of LifeTests.xctest */ = {isa = PBXFileReference; explicitFileType = wrapper.cfbundle; includeInIndex = 0; path = "Game of LifeTests.xctest"; sourceTree = BUILT_PRODUCTS_DIR; };
		A3630E0D249B25AC0086BF5A /* Game_of_LifeTests.swift */ = {isa = PBXFileReference; lastKnownFileType = sourcecode.swift; path = Game_of_LifeTests.swift; sourceTree = "<group>"; };
		A3630E0F249B25AC0086BF5A /* Info.plist */ = {isa = PBXFileReference; lastKnownFileType = text.plist.xml; path = Info.plist; sourceTree = "<group>"; };
/* End PBXFileReference section */

/* Begin PBXFrameworksBuildPhase section */
		A3630DE4249B09590086BF5A /* Frameworks */ = {
			isa = PBXFrameworksBuildPhase;
			buildActionMask = 2147483647;
			files = (
			);
			runOnlyForDeploymentPostprocessing = 0;
		};
		A3630E08249B25AC0086BF5A /* Frameworks */ = {
			isa = PBXFrameworksBuildPhase;
			buildActionMask = 2147483647;
			files = (
			);
			runOnlyForDeploymentPostprocessing = 0;
		};
/* End PBXFrameworksBuildPhase section */

/* Begin PBXGroup section */
		A3630DDE249B09580086BF5A = {
			isa = PBXGroup;
			children = (
				A3630DE9249B09590086BF5A /* Game of Life */,
				A3630E0C249B25AC0086BF5A /* Game of LifeTests */,
				A3630DE8249B09590086BF5A /* Products */,
			);
			sourceTree = "<group>";
		};
		A3630DE8249B09590086BF5A /* Products */ = {
			isa = PBXGroup;
			children = (
				A3630DE7249B09590086BF5A /* Game of Life.app */,
				A3630E0B249B25AC0086BF5A /* Game of LifeTests.xctest */,
			);
			name = Products;
			sourceTree = "<group>";
		};
		A3630DE9249B09590086BF5A /* Game of Life */ = {
			isa = PBXGroup;
			children = (
				A3630DEA249B09590086BF5A /* AppDelegate.swift */,
				A3630DEC249B09590086BF5A /* SceneDelegate.swift */,
				A3630DEE249B09590086BF5A /* ViewController.swift */,
				A3630DF0249B09590086BF5A /* Main.storyboard */,
				A3630DF3249B095D0086BF5A /* Assets.xcassets */,
				A3630DF5249B095D0086BF5A /* LaunchScreen.storyboard */,
				A3630DF8249B095D0086BF5A /* Info.plist */,
				A3630DFE249B09A60086BF5A /* Cell.swift */,
				A3630E00249B0ACB0086BF5A /* GameState.swift */,
				A3630E05249B13FD0086BF5A /* Game.swift */,
			);
			path = "Game of Life";
			sourceTree = "<group>";
		};
		A3630E0C249B25AC0086BF5A /* Game of LifeTests */ = {
			isa = PBXGroup;
			children = (
				A3630E0D249B25AC0086BF5A /* Game_of_LifeTests.swift */,
				A3630E0F249B25AC0086BF5A /* Info.plist */,
			);
			path = "Game of LifeTests";
			sourceTree = "<group>";
		};
/* End PBXGroup section */

/* Begin PBXNativeTarget section */
		A3630DE6249B09590086BF5A /* Game of Life */ = {
			isa = PBXNativeTarget;
			buildConfigurationList = A3630DFB249B095D0086BF5A /* Build configuration list for PBXNativeTarget "Game of Life" */;
			buildPhases = (
				A3630DE3249B09590086BF5A /* Sources */,
				A3630DE4249B09590086BF5A /* Frameworks */,
				A3630DE5249B09590086BF5A /* Resources */,
			);
			buildRules = (
			);
			dependencies = (
			);
			name = "Game of Life";
			productName = "Game of Life";
			productReference = A3630DE7249B09590086BF5A /* Game of Life.app */;
			productType = "com.apple.product-type.application";
		};
		A3630E0A249B25AC0086BF5A /* Game of LifeTests */ = {
			isa = PBXNativeTarget;
			buildConfigurationList = A3630E12249B25AC0086BF5A /* Build configuration list for PBXNativeTarget "Game of LifeTests" */;
			buildPhases = (
				A3630E07249B25AC0086BF5A /* Sources */,
				A3630E08249B25AC0086BF5A /* Frameworks */,
				A3630E09249B25AC0086BF5A /* Resources */,
			);
			buildRules = (
			);
			dependencies = (
				A3630E11249B25AC0086BF5A /* PBXTargetDependency */,
			);
			name = "Game of LifeTests";
			productName = "Game of LifeTests";
			productReference = A3630E0B249B25AC0086BF5A /* Game of LifeTests.xctest */;
			productType = "com.apple.product-type.bundle.unit-test";
		};
/* End PBXNativeTarget section */

/* Begin PBXProject section */
		A3630DDF249B09590086BF5A /* Project object */ = {
			isa = PBXProject;
			attributes = {
				LastSwiftUpdateCheck = 1150;
				LastUpgradeCheck = 1150;
				ORGANIZATIONNAME = "Stephanie Bowles";
				TargetAttributes = {
					A3630DE6249B09590086BF5A = {
						CreatedOnToolsVersion = 11.5;
					};
					A3630E0A249B25AC0086BF5A = {
						CreatedOnToolsVersion = 11.5;
						TestTargetID = A3630DE6249B09590086BF5A;
					};
				};
			};
			buildConfigurationList = A3630DE2249B09590086BF5A /* Build configuration list for PBXProject "Game of Life" */;
			compatibilityVersion = "Xcode 9.3";
			developmentRegion = en;
			hasScannedForEncodings = 0;
			knownRegions = (
				en,
				Base,
			);
			mainGroup = A3630DDE249B09580086BF5A;
			productRefGroup = A3630DE8249B09590086BF5A /* Products */;
			projectDirPath = "";
			projectRoot = "";
			targets = (
				A3630DE6249B09590086BF5A /* Game of Life */,
				A3630E0A249B25AC0086BF5A /* Game of LifeTests */,
			);
		};
/* End PBXProject section */

/* Begin PBXResourcesBuildPhase section */
		A3630DE5249B09590086BF5A /* Resources */ = {
			isa = PBXResourcesBuildPhase;
			buildActionMask = 2147483647;
			files = (
				A3630DF7249B095D0086BF5A /* LaunchScreen.storyboard in Resources */,
				A3630DF4249B095D0086BF5A /* Assets.xcassets in Resources */,
				A3630DF2249B09590086BF5A /* Main.storyboard in Resources */,
			);
			runOnlyForDeploymentPostprocessing = 0;
		};
		A3630E09249B25AC0086BF5A /* Resources */ = {
			isa = PBXResourcesBuildPhase;
			buildActionMask = 2147483647;
			files = (
			);
			runOnlyForDeploymentPostprocessing = 0;
		};
/* End PBXResourcesBuildPhase section */

/* Begin PBXSourcesBuildPhase section */
		A3630DE3249B09590086BF5A /* Sources */ = {
			isa = PBXSourcesBuildPhase;
			buildActionMask = 2147483647;
			files = (
				A3630DEF249B09590086BF5A /* ViewController.swift in Sources */,
				A3630DFF249B09A60086BF5A /* Cell.swift in Sources */,
				A3630E06249B13FD0086BF5A /* Game.swift in Sources */,
				A3630E01249B0ACB0086BF5A /* GameState.swift in Sources */,
				A3630DEB249B09590086BF5A /* AppDelegate.swift in Sources */,
				A3630DED249B09590086BF5A /* SceneDelegate.swift in Sources */,
			);
			runOnlyForDeploymentPostprocessing = 0;
		};
		A3630E07249B25AC0086BF5A /* Sources */ = {
			isa = PBXSourcesBuildPhase;
			buildActionMask = 2147483647;
			files = (
				A3630E0E249B25AC0086BF5A /* Game_of_LifeTests.swift in Sources */,
			);
			runOnlyForDeploymentPostprocessing = 0;
		};
/* End PBXSourcesBuildPhase section */

/* Begin PBXTargetDependency section */
		A3630E11249B25AC0086BF5A /* PBXTargetDependency */ = {
			isa = PBXTargetDependency;
			target = A3630DE6249B09590086BF5A /* Game of Life */;
			targetProxy = A3630E10249B25AC0086BF5A /* PBXContainerItemProxy */;
		};
/* End PBXTargetDependency section */

/* Begin PBXVariantGroup section */
		A3630DF0249B09590086BF5A /* Main.storyboard */ = {
			isa = PBXVariantGroup;
			children = (
				A3630DF1249B09590086BF5A /* Base */,
			);
			name = Main.storyboard;
			sourceTree = "<group>";
		};
		A3630DF5249B095D0086BF5A /* LaunchScreen.storyboard */ = {
			isa = PBXVariantGroup;
			children = (
				A3630DF6249B095D0086BF5A /* Base */,
			);
			name = LaunchScreen.storyboard;
			sourceTree = "<group>";
		};
/* End PBXVariantGroup section */

/* Begin XCBuildConfiguration section */
		A3630DF9249B095D0086BF5A /* Debug */ = {
			isa = XCBuildConfiguration;
			buildSettings = {
				ALWAYS_SEARCH_USER_PATHS = NO;
				CLANG_ANALYZER_NONNULL = YES;
				CLANG_ANALYZER_NUMBER_OBJECT_CONVERSION = YES_AGGRESSIVE;
				CLANG_CXX_LANGUAGE_STANDARD = "gnu++14";
				CLANG_CXX_LIBRARY = "libc++";
				CLANG_ENABLE_MODULES = YES;
				CLANG_ENABLE_OBJC_ARC = YES;
				CLANG_ENABLE_OBJC_WEAK = YES;
				CLANG_WARN_BLOCK_CAPTURE_AUTORELEASING = YES;
				CLANG_WARN_BOOL_CONVERSION = YES;
				CLANG_WARN_COMMA = YES;
				CLANG_WARN_CONSTANT_CONVERSION = YES;
				CLANG_WARN_DEPRECATED_OBJC_IMPLEMENTATIONS = YES;
				CLANG_WARN_DIRECT_OBJC_ISA_USAGE = YES_ERROR;
				CLANG_WARN_DOCUMENTATION_COMMENTS = YES;
				CLANG_WARN_EMPTY_BODY = YES;
				CLANG_WARN_ENUM_CONVERSION = YES;
				CLANG_WARN_INFINITE_RECURSION = YES;
				CLANG_WARN_INT_CONVERSION = YES;
				CLANG_WARN_NON_LITERAL_NULL_CONVERSION = YES;
				CLANG_WARN_OBJC_IMPLICIT_RETAIN_SELF = YES;
				CLANG_WARN_OBJC_LITERAL_CONVERSION = YES;
				CLANG_WARN_OBJC_ROOT_CLASS = YES_ERROR;
				CLANG_WARN_RANGE_LOOP_ANALYSIS = YES;
				CLANG_WARN_STRICT_PROTOTYPES = YES;
				CLANG_WARN_SUSPICIOUS_MOVE = YES;
				CLANG_WARN_UNGUARDED_AVAILABILITY = YES_AGGRESSIVE;
				CLANG_WARN_UNREACHABLE_CODE = YES;
				CLANG_WARN__DUPLICATE_METHOD_MATCH = YES;
				COPY_PHASE_STRIP = NO;
				DEBUG_INFORMATION_FORMAT = dwarf;
				ENABLE_STRICT_OBJC_MSGSEND = YES;
				ENABLE_TESTABILITY = YES;
				GCC_C_LANGUAGE_STANDARD = gnu11;
				GCC_DYNAMIC_NO_PIC = NO;
				GCC_NO_COMMON_BLOCKS = YES;
				GCC_OPTIMIZATION_LEVEL = 0;
				GCC_PREPROCESSOR_DEFINITIONS = (
					"DEBUG=1",
					"$(inherited)",
				);
				GCC_WARN_64_TO_32_BIT_CONVERSION = YES;
				GCC_WARN_ABOUT_RETURN_TYPE = YES_ERROR;
				GCC_WARN_UNDECLARED_SELECTOR = YES;
				GCC_WARN_UNINITIALIZED_AUTOS = YES_AGGRESSIVE;
				GCC_WARN_UNUSED_FUNCTION = YES;
				GCC_WARN_UNUSED_VARIABLE = YES;
				IPHONEOS_DEPLOYMENT_TARGET = 13.5;
				MTL_ENABLE_DEBUG_INFO = INCLUDE_SOURCE;
				MTL_FAST_MATH = YES;
				ONLY_ACTIVE_ARCH = YES;
				SDKROOT = iphoneos;
				SWIFT_ACTIVE_COMPILATION_CONDITIONS = DEBUG;
				SWIFT_OPTIMIZATION_LEVEL = "-Onone";
			};
			name = Debug;
		};
		A3630DFA249B095D0086BF5A /* Release */ = {
			isa = XCBuildConfiguration;
			buildSettings = {
				ALWAYS_SEARCH_USER_PATHS = NO;
				CLANG_ANALYZER_NONNULL = YES;
				CLANG_ANALYZER_NUMBER_OBJECT_CONVERSION = YES_AGGRESSIVE;
				CLANG_CXX_LANGUAGE_STANDARD = "gnu++14";
				CLANG_CXX_LIBRARY = "libc++";
				CLANG_ENABLE_MODULES = YES;
				CLANG_ENABLE_OBJC_ARC = YES;
				CLANG_ENABLE_OBJC_WEAK = YES;
				CLANG_WARN_BLOCK_CAPTURE_AUTORELEASING = YES;
				CLANG_WARN_BOOL_CONVERSION = YES;
				CLANG_WARN_COMMA = YES;
				CLANG_WARN_CONSTANT_CONVERSION = YES;
				CLANG_WARN_DEPRECATED_OBJC_IMPLEMENTATIONS = YES;
				CLANG_WARN_DIRECT_OBJC_ISA_USAGE = YES_ERROR;
				CLANG_WARN_DOCUMENTATION_COMMENTS = YES;
				CLANG_WARN_EMPTY_BODY = YES;
				CLANG_WARN_ENUM_CONVERSION = YES;
				CLANG_WARN_INFINITE_RECURSION = YES;
				CLANG_WARN_INT_CONVERSION = YES;
				CLANG_WARN_NON_LITERAL_NULL_CONVERSION = YES;
				CLANG_WARN_OBJC_IMPLICIT_RETAIN_SELF = YES;
				CLANG_WARN_OBJC_LITERAL_CONVERSION = YES;
				CLANG_WARN_OBJC_ROOT_CLASS = YES_ERROR;
				CLANG_WARN_RANGE_LOOP_ANALYSIS = YES;
				CLANG_WARN_STRICT_PROTOTYPES = YES;
				CLANG_WARN_SUSPICIOUS_MOVE = YES;
				CLANG_WARN_UNGUARDED_AVAILABILITY = YES_AGGRESSIVE;
				CLANG_WARN_UNREACHABLE_CODE = YES;
				CLANG_WARN__DUPLICATE_METHOD_MATCH = YES;
				COPY_PHASE_STRIP = NO;
				DEBUG_INFORMATION_FORMAT = "dwarf-with-dsym";
				ENABLE_NS_ASSERTIONS = NO;
				ENABLE_STRICT_OBJC_MSGSEND = YES;
				GCC_C_LANGUAGE_STANDARD = gnu11;
				GCC_NO_COMMON_BLOCKS = YES;
				GCC_WARN_64_TO_32_BIT_CONVERSION = YES;
				GCC_WARN_ABOUT_RETURN_TYPE = YES_ERROR;
				GCC_WARN_UNDECLARED_SELECTOR = YES;
				GCC_WARN_UNINITIALIZED_AUTOS = YES_AGGRESSIVE;
				GCC_WARN_UNUSED_FUNCTION = YES;
				GCC_WARN_UNUSED_VARIABLE = YES;
				IPHONEOS_DEPLOYMENT_TARGET = 13.5;
				MTL_ENABLE_DEBUG_INFO = NO;
				MTL_FAST_MATH = YES;
				SDKROOT = iphoneos;
				SWIFT_COMPILATION_MODE = wholemodule;
				SWIFT_OPTIMIZATION_LEVEL = "-O";
				VALIDATE_PRODUCT = YES;
			};
			name = Release;
		};
		A3630DFC249B095D0086BF5A /* Debug */ = {
			isa = XCBuildConfiguration;
			buildSettings = {
				ASSETCATALOG_COMPILER_APPICON_NAME = AppIcon;
				CODE_SIGN_STYLE = Automatic;
				INFOPLIST_FILE = "Game of Life/Info.plist";
				LD_RUNPATH_SEARCH_PATHS = (
					"$(inherited)",
					"@executable_path/Frameworks",
				);
				PRODUCT_BUNDLE_IDENTIFIER = "stephaniebowles.Game-of-Life";
				PRODUCT_NAME = "$(TARGET_NAME)";
				SWIFT_VERSION = 5.0;
				TARGETED_DEVICE_FAMILY = "1,2";
			};
			name = Debug;
		};
		A3630DFD249B095D0086BF5A /* Release */ = {
			isa = XCBuildConfiguration;
			buildSettings = {
				ASSETCATALOG_COMPILER_APPICON_NAME = AppIcon;
				CODE_SIGN_STYLE = Automatic;
				INFOPLIST_FILE = "Game of Life/Info.plist";
				LD_RUNPATH_SEARCH_PATHS = (
					"$(inherited)",
					"@executable_path/Frameworks",
				);
				PRODUCT_BUNDLE_IDENTIFIER = "stephaniebowles.Game-of-Life";
				PRODUCT_NAME = "$(TARGET_NAME)";
				SWIFT_VERSION = 5.0;
				TARGETED_DEVICE_FAMILY = "1,2";
			};
			name = Release;
		};
		A3630E13249B25AC0086BF5A /* Debug */ = {
			isa = XCBuildConfiguration;
			buildSettings = {
				BUNDLE_LOADER = "$(TEST_HOST)";
				CODE_SIGN_STYLE = Automatic;
				INFOPLIST_FILE = "Game of LifeTests/Info.plist";
				LD_RUNPATH_SEARCH_PATHS = (
					"$(inherited)",
					"@executable_path/Frameworks",
					"@loader_path/Frameworks",
				);
				PRODUCT_BUNDLE_IDENTIFIER = "stephaniebowles.Game-of-LifeTests";
				PRODUCT_NAME = "$(TARGET_NAME)";
				SWIFT_VERSION = 5.0;
				TARGETED_DEVICE_FAMILY = "1,2";
				TEST_HOST = "$(BUILT_PRODUCTS_DIR)/Game of Life.app/Game of Life";
			};
			name = Debug;
		};
		A3630E14249B25AC0086BF5A /* Release */ = {
			isa = XCBuildConfiguration;
			buildSettings = {
				BUNDLE_LOADER = "$(TEST_HOST)";
				CODE_SIGN_STYLE = Automatic;
				INFOPLIST_FILE = "Game of LifeTests/Info.plist";
				LD_RUNPATH_SEARCH_PATHS = (
					"$(inherited)",
					"@executable_path/Frameworks",
					"@loader_path/Frameworks",
				);
				PRODUCT_BUNDLE_IDENTIFIER = "stephaniebowles.Game-of-LifeTests";
				PRODUCT_NAME = "$(TARGET_NAME)";
				SWIFT_VERSION = 5.0;
				TARGETED_DEVICE_FAMILY = "1,2";
				TEST_HOST = "$(BUILT_PRODUCTS_DIR)/Game of Life.app/Game of Life";
			};
			name = Release;
		};
/* End XCBuildConfiguration section */

/* Begin XCConfigurationList section */
		A3630DE2249B09590086BF5A /* Build configuration list for PBXProject "Game of Life" */ = {
			isa = XCConfigurationList;
			buildConfigurations = (
				A3630DF9249B095D0086BF5A /* Debug */,
				A3630DFA249B095D0086BF5A /* Release */,
			);
			defaultConfigurationIsVisible = 0;
			defaultConfigurationName = Release;
		};
		A3630DFB249B095D0086BF5A /* Build configuration list for PBXNativeTarget "Game of Life" */ = {
			isa = XCConfigurationList;
			buildConfigurations = (
				A3630DFC249B095D0086BF5A /* Debug */,
				A3630DFD249B095D0086BF5A /* Release */,
			);
			defaultConfigurationIsVisible = 0;
			defaultConfigurationName = Release;
		};
		A3630E12249B25AC0086BF5A /* Build configuration list for PBXNativeTarget "Game of LifeTests" */ = {
			isa = XCConfigurationList;
			buildConfigurations = (
				A3630E13249B25AC0086BF5A /* Debug */,
				A3630E14249B25AC0086BF5A /* Release */,
			);
			defaultConfigurationIsVisible = 0;
			defaultConfigurationName = Release;
		};
/* End XCConfigurationList section */
	};
	rootObject = A3630DDF249B09590086BF5A /* Project object */;
}
